hash: 8fa84b87652d4f2b01a665cdfaaa71285cfba8fdb01e49d4da429041b2413cd0
updated: 2018-01-24T21:19:32.217345101+05:30
imports:
- name: bitbucket.org/liamstask/goose
  version: 8488cc47d90c8a502b1c41a462a6d9cc8ee0a895
  subpackages:
  - cmd/goose
- name: github.com/gorilla/context
  version: 08b5f424b9271eedf6f9f0ce86cb9396ed337a42
- name: github.com/gorilla/mux
  version: c0091a029979286890368b4c7b301261e448e242
- name: github.com/sirupsen/logrus
  version: d682213848ed68c0a260ca37d6dd5ace8423f5ba
- name: github.com/stretchr/testify
  version: 87b1dfb5b2fa649f52695dd9eae19abe404a4308
- name: golang.org/x/crypto
  version: 3d37316aaa6bd9929127ac9a527abf408178ea7b
  subpackages:
  - ssh/terminal
- name: golang.org/x/sys
  version: af50095a40f9041b3b38960738837185c26e9419
  subpackages:
  - unix
  - windows
testImports: []
